<?xml version="1.0" encoding="utf-8"?>
<Project ToolsVersion="4.0" xmlns="http://schemas.microsoft.com/developer/msbuild/2003">
  <ItemGroup>
    <Filter Include="Source Files">
      <UniqueIdentifier>{4FC737F1-C7A5-4376-A066-2A32D752A2FF}</UniqueIdentifier>
      <Extensions>cpp;c;cc;cxx;c++;cppm;ixx;def;odl;idl;hpj;bat;asm;asmx</Extensions>
    </Filter>
    <Filter Include="Header Files">
      <UniqueIdentifier>{93995380-89BD-4b04-88EB-625FBE52EBFB}</UniqueIdentifier>
      <Extensions>h;hh;hpp;hxx;h++;hm;inl;inc;ipp;xsd</Extensions>
    </Filter>
    <Filter Include="Resource Files">
      <UniqueIdentifier>{67DA6AB6-F800-4c08-8B7A-83BB121AAD01}</UniqueIdentifier>
      <Extensions>rc;ico;cur;bmp;dlg;rc2;rct;bin;rgs;gif;jpg;jpeg;jpe;resx;tiff;tif;png;wav;mfcribbon-ms</Extensions>
    </Filter>
    <Filter Include="Logs">
      <UniqueIdentifier>{1414105e-629d-4a05-b636-7fc5b3a55dab}</UniqueIdentifier>
    </Filter>
    <Filter Include="Ini">
      <UniqueIdentifier>{6327ca12-3a57-47c6-ae9c-6e7b4bbbb260}</UniqueIdentifier>
    </Filter>
    <Filter Include="Config">
      <UniqueIdentifier>{f22311df-742c-4bb1-89fe-d503ab761113}</UniqueIdentifier>
    </Filter>
  </ItemGroup>
  <ItemGroup>
    <ClCompile Include="DNSockX64_PH.cpp">
      <Filter>Source Files</Filter>
    </ClCompile>
    <ClCompile Include="utils\Logs\Logs.cpp">
      <Filter>Logs</Filter>
    </ClCompile>
  </ItemGroup>
  <ItemGroup>
    <ClInclude Include="utils\Logs\Logs.h">
      <Filter>Logs</Filter>
    </ClInclude>
    <ClInclude Include="utils\Ini\Parser.h">
      <Filter>Ini</Filter>
    </ClInclude>
    <ClInclude Include="utils\Config\Config.h">
      <Filter>Config</Filter>
    </ClInclude>
    <ClInclude Include="version.h">
      <Filter>Header Files</Filter>
    </ClInclude>
    <ClInclude Include="utils\Config\DatabaseManager.h">
      <Filter>Config</Filter>
    </ClInclude>
    <ClInclude Include="utils\Config\SocketManager.h">
      <Filter>Config</Filter>
    </ClInclude>
  </ItemGroup>
</Project>